
Microsoft Visual Studio Solution File, Format Version 12.00
# Visual Studio Version 17
VisualStudioVersion = 17.0.31903.59
MinimumVisualStudioVersion = 10.0.40219.1
Project("{2150E333-8FDC-42A3-9474-1A3956D46DE8}") = "src", "src", "{827E0CD3-B72D-47B6-A68D-7590B98EB39B}"
EndProject
Project("{FAE04EC0-301F-11D3-BF4B-00C04F79EFBC}") = "Geopolitics.Domain", "src\Geopolitics.Domain\Geopolitics.Domain.csproj", "{B9135708-4FA0-4DB1-93C9-14A4E4BE9790}"
EndProject
Project("{FAE04EC0-301F-11D3-BF4B-00C04F79EFBC}") = "Geopolitics.Application", "src\Geopolitics.Application\Geopolitics.Application.csproj", "{00DA862A-3572-49B7-8589-593611D9A78A}"
EndProject
Project("{FAE04EC0-301F-11D3-BF4B-00C04F79EFBC}") = "Geopolitics.Infrastructure", "src\Geopolitics.Infrastructure\Geopolitics.Infrastructure.csproj", "{6C538F7E-9F35-447C-B551-F75EDA3FCAA7}"
EndProject
Project("{FAE04EC0-301F-11D3-BF4B-00C04F79EFBC}") = "Geopolitics.Workers", "src\Geopolitics.Workers\Geopolitics.Workers.csproj", "{850EB145-42A5-4317-9A94-AC56D785C1FF}"
EndProject
Project("{FAE04EC0-301F-11D3-BF4B-00C04F79EFBC}") = "Geopolitics.Api", "src\Geopolitics.Api\Geopolitics.Api.csproj", "{FB7ED4FB-4818-4133-A7CF-A59D2EC66D6B}"
EndProject
Project("{2150E333-8FDC-42A3-9474-1A3956D46DE8}") = "tests", "tests", "{0AB3BF05-4346-4AA6-1389-037BE0695223}"
EndProject
Project("{FAE04EC0-301F-11D3-BF4B-00C04F79EFBC}") = "Geopolitics.UnitTests", "tests\Geopolitics.UnitTests\Geopolitics.UnitTests.csproj", "{DFCBD3C3-8572-4E9B-B896-B022C5AC38E3}"
EndProject
Project("{FAE04EC0-301F-11D3-BF4B-00C04F79EFBC}") = "Geopolitics.IntegrationTests", "tests\Geopolitics.IntegrationTests\Geopolitics.IntegrationTests.csproj", "{951A5B7A-72C6-4187-950C-3AFDC92487E2}"
EndProject
Project("{FAE04EC0-301F-11D3-BF4B-00C04F79EFBC}") = "Geopolitics.AiEvaluationTests", "tests\Geopolitics.AiEvaluationTests\Geopolitics.AiEvaluationTests.csproj", "{DE42617B-272B-49BF-B9A0-8BFA15630BA9}"
EndProject
Global
	GlobalSection(SolutionConfigurationPlatforms) = preSolution
		Debug|Any CPU = Debug|Any CPU
		Debug|x64 = Debug|x64
		Debug|x86 = Debug|x86
		Release|Any CPU = Release|Any CPU
		Release|x64 = Release|x64
		Release|x86 = Release|x86
	EndGlobalSection
	GlobalSection(ProjectConfigurationPlatforms) = postSolution
		{B9135708-4FA0-4DB1-93C9-14A4E4BE9790}.Debug|Any CPU.ActiveCfg = Debug|Any CPU
		{B9135708-4FA0-4DB1-93C9-14A4E4BE9790}.Debug|Any CPU.Build.0 = Debug|Any CPU
		{B9135708-4FA0-4DB1-93C9-14A4E4BE9790}.Debug|x64.ActiveCfg = Debug|Any CPU
		{B9135708-4FA0-4DB1-93C9-14A4E4BE9790}.Debug|x64.Build.0 = Debug|Any CPU
		{B9135708-4FA0-4DB1-93C9-14A4E4BE9790}.Debug|x86.ActiveCfg = Debug|Any CPU
		{B9135708-4FA0-4DB1-93C9-14A4E4BE9790}.Debug|x86.Build.0 = Debug|Any CPU
		{B9135708-4FA0-4DB1-93C9-14A4E4BE9790}.Release|Any CPU.ActiveCfg = Release|Any CPU
		{B9135708-4FA0-4DB1-93C9-14A4E4BE9790}.Release|Any CPU.Build.0 = Release|Any CPU
		{B9135708-4FA0-4DB1-93C9-14A4E4BE9790}.Release|x64.ActiveCfg = Release|Any CPU
		{B9135708-4FA0-4DB1-93C9-14A4E4BE9790}.Release|x64.Build.0 = Release|Any CPU
		{B9135708-4FA0-4DB1-93C9-14A4E4BE9790}.Release|x86.ActiveCfg = Release|Any CPU
		{B9135708-4FA0-4DB1-93C9-14A4E4BE9790}.Release|x86.Build.0 = Release|Any CPU
		{00DA862A-3572-49B7-8589-593611D9A78A}.Debug|Any CPU.ActiveCfg = Debug|Any CPU
		{00DA862A-3572-49B7-8589-593611D9A78A}.Debug|Any CPU.Build.0 = Debug|Any CPU
		{00DA862A-3572-49B7-8589-593611D9A78A}.Debug|x64.ActiveCfg = Debug|Any CPU
		{00DA862A-3572-49B7-8589-593611D9A78A}.Debug|x64.Build.0 = Debug|Any CPU
		{00DA862A-3572-49B7-8589-593611D9A78A}.Debug|x86.ActiveCfg = Debug|Any CPU
		{00DA862A-3572-49B7-8589-593611D9A78A}.Debug|x86.Build.0 = Debug|Any CPU
		{00DA862A-3572-49B7-8589-593611D9A78A}.Release|Any CPU.ActiveCfg = Release|Any CPU
		{00DA862A-3572-49B7-8589-593611D9A78A}.Release|Any CPU.Build.0 = Release|Any CPU
		{00DA862A-3572-49B7-8589-593611D9A78A}.Release|x64.ActiveCfg = Release|Any CPU
		{00DA862A-3572-49B7-8589-593611D9A78A}.Release|x64.Build.0 = Release|Any CPU
		{00DA862A-3572-49B7-8589-593611D9A78A}.Release|x86.ActiveCfg = Release|Any CPU
		{00DA862A-3572-49B7-8589-593611D9A78A}.Release|x86.Build.0 = Release|Any CPU
		{6C538F7E-9F35-447C-B551-F75EDA3FCAA7}.Debug|Any CPU.ActiveCfg = Debug|Any CPU
		{6C538F7E-9F35-447C-B551-F75EDA3FCAA7}.Debug|Any CPU.Build.0 = Debug|Any CPU
		{6C538F7E-9F35-447C-B551-F75EDA3FCAA7}.Debug|x64.ActiveCfg = Debug|Any CPU
		{6C538F7E-9F35-447C-B551-F75EDA3FCAA7}.Debug|x64.Build.0 = Debug|Any CPU
		{6C538F7E-9F35-447C-B551-F75EDA3FCAA7}.Debug|x86.ActiveCfg = Debug|Any CPU
		{6C538F7E-9F35-447C-B551-F75EDA3FCAA7}.Debug|x86.Build.0 = Debug|Any CPU
		{6C538F7E-9F35-447C-B551-F75EDA3FCAA7}.Release|Any CPU.ActiveCfg = Release|Any CPU
		{6C538F7E-9F35-447C-B551-F75EDA3FCAA7}.Release|Any CPU.Build.0 = Release|Any CPU
		{6C538F7E-9F35-447C-B551-F75EDA3FCAA7}.Release|x64.ActiveCfg = Release|Any CPU
		{6C538F7E-9F35-447C-B551-F75EDA3FCAA7}.Release|x64.Build.0 = Release|Any CPU
		{6C538F7E-9F35-447C-B551-F75EDA3FCAA7}.Release|x86.ActiveCfg = Release|Any CPU
		{6C538F7E-9F35-447C-B551-F75EDA3FCAA7}.Release|x86.Build.0 = Release|Any CPU
		{850EB145-42A5-4317-9A94-AC56D785C1FF}.Debug|Any CPU.ActiveCfg = Debug|Any CPU
		{850EB145-42A5-4317-9A94-AC56D785C1FF}.Debug|Any CPU.Build.0 = Debug|Any CPU
		{850EB145-42A5-4317-9A94-AC56D785C1FF}.Debug|x64.ActiveCfg = Debug|Any CPU
		{850EB145-42A5-4317-9A94-AC56D785C1FF}.Debug|x64.Build.0 = Debug|Any CPU
		{850EB145-42A5-4317-9A94-AC56D785C1FF}.Debug|x86.ActiveCfg = Debug|Any CPU
		{850EB145-42A5-4317-9A94-AC56D785C1FF}.Debug|x86.Build.0 = Debug|Any CPU
		{850EB145-42A5-4317-9A94-AC56D785C1FF}.Release|Any CPU.ActiveCfg = Release|Any CPU
		{850EB145-42A5-4317-9A94-AC56D785C1FF}.Release|Any CPU.Build.0 = Release|Any CPU
		{850EB145-42A5-4317-9A94-AC56D785C1FF}.Release|x64.ActiveCfg = Release|Any CPU
		{850EB145-42A5-4317-9A94-AC56D785C1FF}.Release|x64.Build.0 = Release|Any CPU
		{850EB145-42A5-4317-9A94-AC56D785C1FF}.Release|x86.ActiveCfg = Release|Any CPU
		{850EB145-42A5-4317-9A94-AC56D785C1FF}.Release|x86.Build.0 = Release|Any CPU
		{FB7ED4FB-4818-4133-A7CF-A59D2EC66D6B}.Debug|Any CPU.ActiveCfg = Debug|Any CPU
		{FB7ED4FB-4818-4133-A7CF-A59D2EC66D6B}.Debug|Any CPU.Build.0 = Debug|Any CPU
		{FB7ED4FB-4818-4133-A7CF-A59D2EC66D6B}.Debug|x64.ActiveCfg = Debug|Any CPU
		{FB7ED4FB-4818-4133-A7CF-A59D2EC66D6B}.Debug|x64.Build.0 = Debug|Any CPU
		{FB7ED4FB-4818-4133-A7CF-A59D2EC66D6B}.Debug|x86.ActiveCfg = Debug|Any CPU
		{FB7ED4FB-4818-4133-A7CF-A59D2EC66D6B}.Debug|x86.Build.0 = Debug|Any CPU
		{FB7ED4FB-4818-4133-A7CF-A59D2EC66D6B}.Release|Any CPU.ActiveCfg = Release|Any CPU
		{FB7ED4FB-4818-4133-A7CF-A59D2EC66D6B}.Release|Any CPU.Build.0 = Release|Any CPU
		{FB7ED4FB-4818-4133-A7CF-A59D2EC66D6B}.Release|x64.ActiveCfg = Release|Any CPU
		{FB7ED4FB-4818-4133-A7CF-A59D2EC66D6B}.Release|x64.Build.0 = Release|Any CPU
		{FB7ED4FB-4818-4133-A7CF-A59D2EC66D6B}.Release|x86.ActiveCfg = Release|Any CPU
		{FB7ED4FB-4818-4133-A7CF-A59D2EC66D6B}.Release|x86.Build.0 = Release|Any CPU
		{DFCBD3C3-8572-4E9B-B896-B022C5AC38E3}.Debug|Any CPU.ActiveCfg = Debug|Any CPU
		{DFCBD3C3-8572-4E9B-B896-B022C5AC38E3}.Debug|Any CPU.Build.0 = Debug|Any CPU
		{DFCBD3C3-8572-4E9B-B896-B022C5AC38E3}.Debug|x64.ActiveCfg = Debug|Any CPU
		{DFCBD3C3-8572-4E9B-B896-B022C5AC38E3}.Debug|x64.Build.0 = Debug|Any CPU
		{DFCBD3C3-8572-4E9B-B896-B022C5AC38E3}.Debug|x86.ActiveCfg = Debug|Any CPU
		{DFCBD3C3-8572-4E9B-B896-B022C5AC38E3}.Debug|x86.Build.0 = Debug|Any CPU
		{DFCBD3C3-8572-4E9B-B896-B022C5AC38E3}.Release|Any CPU.ActiveCfg = Release|Any CPU
		{DFCBD3C3-8572-4E9B-B896-B022C5AC38E3}.Release|Any CPU.Build.0 = Release|Any CPU
		{DFCBD3C3-8572-4E9B-B896-B022C5AC38E3}.Release|x64.ActiveCfg = Release|Any CPU
		{DFCBD3C3-8572-4E9B-B896-B022C5AC38E3}.Release|x64.Build.0 = Release|Any CPU
		{DFCBD3C3-8572-4E9B-B896-B022C5AC38E3}.Release|x86.ActiveCfg = Release|Any CPU
		{DFCBD3C3-8572-4E9B-B896-B022C5AC38E3}.Release|x86.Build.0 = Release|Any CPU
		{951A5B7A-72C6-4187-950C-3AFDC92487E2}.Debug|Any CPU.ActiveCfg = Debug|Any CPU
		{951A5B7A-72C6-4187-950C-3AFDC92487E2}.Debug|Any CPU.Build.0 = Debug|Any CPU
		{951A5B7A-72C6-4187-950C-3AFDC92487E2}.Debug|x64.ActiveCfg = Debug|Any CPU
		{951A5B7A-72C6-4187-950C-3AFDC92487E2}.Debug|x64.Build.0 = Debug|Any CPU
		{951A5B7A-72C6-4187-950C-3AFDC92487E2}.Debug|x86.ActiveCfg = Debug|Any CPU
		{951A5B7A-72C6-4187-950C-3AFDC92487E2}.Debug|x86.Build.0 = Debug|Any CPU
		{951A5B7A-72C6-4187-950C-3AFDC92487E2}.Release|Any CPU.ActiveCfg = Release|Any CPU
		{951A5B7A-72C6-4187-950C-3AFDC92487E2}.Release|Any CPU.Build.0 = Release|Any CPU
		{951A5B7A-72C6-4187-950C-3AFDC92487E2}.Release|x64.ActiveCfg = Release|Any CPU
		{951A5B7A-72C6-4187-950C-3AFDC92487E2}.Release|x64.Build.0 = Release|Any CPU
		{951A5B7A-72C6-4187-950C-3AFDC92487E2}.Release|x86.ActiveCfg = Release|Any CPU
		{951A5B7A-72C6-4187-950C-3AFDC92487E2}.Release|x86.Build.0 = Release|Any CPU
		{DE42617B-272B-49BF-B9A0-8BFA15630BA9}.Debug|Any CPU.ActiveCfg = Debug|Any CPU
		{DE42617B-272B-49BF-B9A0-8BFA15630BA9}.Debug|Any CPU.Build.0 = Debug|Any CPU
		{DE42617B-272B-49BF-B9A0-8BFA15630BA9}.Debug|x64.ActiveCfg = Debug|Any CPU
		{DE42617B-272B-49BF-B9A0-8BFA15630BA9}.Debug|x64.Build.0 = Debug|Any CPU
		{DE42617B-272B-49BF-B9A0-8BFA15630BA9}.Debug|x86.ActiveCfg = Debug|Any CPU
		{DE42617B-272B-49BF-B9A0-8BFA15630BA9}.Debug|x86.Build.0 = Debug|Any CPU
		{DE42617B-272B-49BF-B9A0-8BFA15630BA9}.Release|Any CPU.ActiveCfg = Release|Any CPU
		{DE42617B-272B-49BF-B9A0-8BFA15630BA9}.Release|Any CPU.Build.0 = Release|Any CPU
		{DE42617B-272B-49BF-B9A0-8BFA15630BA9}.Release|x64.ActiveCfg = Release|Any CPU
		{DE42617B-272B-49BF-B9A0-8BFA15630BA9}.Release|x64.Build.0 = Release|Any CPU
		{DE42617B-272B-49BF-B9A0-8BFA15630BA9}.Release|x86.ActiveCfg = Release|Any CPU
		{DE42617B-272B-49BF-B9A0-8BFA15630BA9}.Release|x86.Build.0 = Release|Any CPU
	EndGlobalSection
	GlobalSection(SolutionProperties) = preSolution
		HideSolutionNode = FALSE
	EndGlobalSection
	GlobalSection(NestedProjects) = preSolution
		{B9135708-4FA0-4DB1-93C9-14A4E4BE9790} = {827E0CD3-B72D-47B6-A68D-7590B98EB39B}
		{00DA862A-3572-49B7-8589-593611D9A78A} = {827E0CD3-B72D-47B6-A68D-7590B98EB39B}
		{6C538F7E-9F35-447C-B551-F75EDA3FCAA7} = {827E0CD3-B72D-47B6-A68D-7590B98EB39B}
		{850EB145-42A5-4317-9A94-AC56D785C1FF} = {827E0CD3-B72D-47B6-A68D-7590B98EB39B}
		{FB7ED4FB-4818-4133-A7CF-A59D2EC66D6B} = {827E0CD3-B72D-47B6-A68D-7590B98EB39B}
		{DFCBD3C3-8572-4E9B-B896-B022C5AC38E3} = {0AB3BF05-4346-4AA6-1389-037BE0695223}
		{951A5B7A-72C6-4187-950C-3AFDC92487E2} = {0AB3BF05-4346-4AA6-1389-037BE0695223}
		{DE42617B-272B-49BF-B9A0-8BFA15630BA9} = {0AB3BF05-4346-4AA6-1389-037BE0695223}
	EndGlobalSection
EndGlobal
